
Microsoft Visual Studio Solution File, Format Version 12.00
# Visual Studio Version 17
VisualStudioVersion = 17.13.35825.156 d17.13
MinimumVisualStudioVersion = 10.0.40219.1
Project("{FAE04EC0-301F-11D3-BF4B-00C04F79EFBC}") = "IdentecSolutions", "IdentecSolutions\IdentecSolutions.csproj", "{D2DA8C2A-4FBB-47E1-9396-051E7368E26D}"
EndProject
Global
	GlobalSection(SolutionConfigurationPlatforms) = preSolution
		Debug|Any CPU = Debug|Any CPU
		Release|Any CPU = Release|Any CPU
	EndGlobalSection
	GlobalSection(ProjectConfigurationPlatforms) = postSolution
		{D2DA8C2A-4FBB-47E1-9396-051E7368E26D}.Debug|Any CPU.ActiveCfg = Debug|Any CPU
		{D2DA8C2A-4FBB-47E1-9396-051E7368E26D}.Debug|Any CPU.Build.0 = Debug|Any CPU
		{D2DA8C2A-4FBB-47E1-9396-051E7368E26D}.Release|Any CPU.ActiveCfg = Release|Any CPU
		{D2DA8C2A-4FBB-47E1-9396-051E7368E26D}.Release|Any CPU.Build.0 = Release|Any CPU
	EndGlobalSection
	GlobalSection(SolutionProperties) = preSolution
		HideSolutionNode = FALSE
	EndGlobalSection
	GlobalSection(ExtensibilityGlobals) = postSolution
		SolutionGuid = {EA13A3D0-1B5C-4F53-A7D3-4981159759C9}
	EndGlobalSection
EndGlobal
